// !$*UTF8*$!
{
	archiveVersion = 1;
	classes = {
	};
	objectVersion = 56;
	objects = {

/* Begin PBXBuildFile section */
		7F4DAB732960364500074392 /* LoginScreenTutApp.swift in Sources */ = {isa = PBXBuildFile; fileRef = 7F4DAB722960364500074392 /* LoginScreenTutApp.swift */; };
		7F4DAB752960364500074392 /* ContentView.swift in Sources */ = {isa = PBXBuildFile; fileRef = 7F4DAB742960364500074392 /* ContentView.swift */; };
		7F4DAB772960364700074392 /* Assets.xcassets in Resources */ = {isa = PBXBuildFile; fileRef = 7F4DAB762960364700074392 /* Assets.xcassets */; };
		7F4DAB7A2960364700074392 /* Preview Assets.xcassets in Resources */ = {isa = PBXBuildFile; fileRef = 7F4DAB792960364700074392 /* Preview Assets.xcassets */; };
		7F4DAB842960364700074392 /* LoginScreenTutTests.swift in Sources */ = {isa = PBXBuildFile; fileRef = 7F4DAB832960364700074392 /* LoginScreenTutTests.swift */; };
		7F4DAB8E2960364700074392 /* LoginScreenTutUITests.swift in Sources */ = {isa = PBXBuildFile; fileRef = 7F4DAB8D2960364700074392 /* LoginScreenTutUITests.swift */; };
		7F4DAB902960364700074392 /* LoginScreenTutUITestsLaunchTests.swift in Sources */ = {isa = PBXBuildFile; fileRef = 7F4DAB8F2960364700074392 /* LoginScreenTutUITestsLaunchTests.swift */; };
/* End PBXBuildFile section */

/* Begin PBXContainerItemProxy section */
		7F4DAB802960364700074392 /* PBXContainerItemProxy */ = {
			isa = PBXContainerItemProxy;
			containerPortal = 7F4DAB672960364500074392 /* Project object */;
			proxyType = 1;
			remoteGlobalIDString = 7F4DAB6E2960364500074392;
			remoteInfo = LoginScreenTut;
		};
		7F4DAB8A2960364700074392 /* PBXContainerItemProxy */ = {
			isa = PBXContainerItemProxy;
			containerPortal = 7F4DAB672960364500074392 /* Project object */;
			proxyType = 1;
			remoteGlobalIDString = 7F4DAB6E2960364500074392;
			remoteInfo = LoginScreenTut;
		};
/* End PBXContainerItemProxy section */

/* Begin PBXFileReference section */
		7F4DAB6F2960364500074392 /* LoginScreenTut.app */ = {isa = PBXFileReference; explicitFileType = wrapper.application; includeInIndex = 0; path = LoginScreenTut.app; sourceTree = BUILT_PRODUCTS_DIR; };
		7F4DAB722960364500074392 /* LoginScreenTutApp.swift */ = {isa = PBXFileReference; lastKnownFileType = sourcecode.swift; path = LoginScreenTutApp.swift; sourceTree = "<group>"; };
		7F4DAB742960364500074392 /* ContentView.swift */ = {isa = PBXFileReference; lastKnownFileType = sourcecode.swift; path = ContentView.swift; sourceTree = "<group>"; };
		7F4DAB762960364700074392 /* Assets.xcassets */ = {isa = PBXFileReference; lastKnownFileType = folder.assetcatalog; path = Assets.xcassets; sourceTree = "<group>"; };
		7F4DAB792960364700074392 /* Preview Assets.xcassets */ = {isa = PBXFileReference; lastKnownFileType = folder.assetcatalog; path = "Preview Assets.xcassets"; sourceTree = "<group>"; };
		7F4DAB7F2960364700074392 /* LoginScreenTutTests.xctest */ = {isa = PBXFileReference; explicitFileType = wrapper.cfbundle; includeInIndex = 0; path = LoginScreenTutTests.xctest; sourceTree = BUILT_PRODUCTS_DIR; };
		7F4DAB832960364700074392 /* LoginScreenTutTests.swift */ = {isa = PBXFileReference; lastKnownFileType = sourcecode.swift; path = LoginScreenTutTests.swift; sourceTree = "<group>"; };
		7F4DAB892960364700074392 /* LoginScreenTutUITests.xctest */ = {isa = PBXFileReference; explicitFileType = wrapper.cfbundle; includeInIndex = 0; path = LoginScreenTutUITests.xctest; sourceTree = BUILT_PRODUCTS_DIR; };
		7F4DAB8D2960364700074392 /* LoginScreenTutUITests.swift */ = {isa = PBXFileReference; lastKnownFileType = sourcecode.swift; path = LoginScreenTutUITests.swift; sourceTree = "<group>"; };
		7F4DAB8F2960364700074392 /* LoginScreenTutUITestsLaunchTests.swift */ = {isa = PBXFileReference; lastKnownFileType = sourcecode.swift; path = LoginScreenTutUITestsLaunchTests.swift; sourceTree = "<group>"; };
/* End PBXFileReference section */

/* Begin PBXFrameworksBuildPhase section */
		7F4DAB6C2960364500074392 /* Frameworks */ = {
			isa = PBXFrameworksBuildPhase;
			buildActionMask = 2147483647;
			files = (
			);
			runOnlyForDeploymentPostprocessing = 0;
		};
		7F4DAB7C2960364700074392 /* Frameworks */ = {
			isa = PBXFrameworksBuildPhase;
			buildActionMask = 2147483647;
			files = (
			);
			runOnlyForDeploymentPostprocessing = 0;
		};
		7F4DAB862960364700074392 /* Frameworks */ = {
			isa = PBXFrameworksBuildPhase;
			buildActionMask = 2147483647;
			files = (
			);
			runOnlyForDeploymentPostprocessing = 0;
		};
/* End PBXFrameworksBuildPhase section */

/* Begin PBXGroup section */
		7F4DAB662960364500074392 = {
			isa = PBXGroup;
			children = (
				7F4DAB712960364500074392 /* LoginScreenTut */,
				7F4DAB822960364700074392 /* LoginScreenTutTests */,
				7F4DAB8C2960364700074392 /* LoginScreenTutUITests */,
				7F4DAB702960364500074392 /* Products */,
			);
			sourceTree = "<group>";
		};
		7F4DAB702960364500074392 /* Products */ = {
			isa = PBXGroup;
			children = (
				7F4DAB6F2960364500074392 /* LoginScreenTut.app */,
				7F4DAB7F2960364700074392 /* LoginScreenTutTests.xctest */,
				7F4DAB892960364700074392 /* LoginScreenTutUITests.xctest */,
			);
			name = Products;
			sourceTree = "<group>";
		};
		7F4DAB712960364500074392 /* LoginScreenTut */ = {
			isa = PBXGroup;
			children = (
				7F4DAB722960364500074392 /* LoginScreenTutApp.swift */,
				7F4DAB742960364500074392 /* ContentView.swift */,
				7F4DAB762960364700074392 /* Assets.xcassets */,
				7F4DAB782960364700074392 /* Preview Content */,
			);
			path = LoginScreenTut;
			sourceTree = "<group>";
		};
		7F4DAB782960364700074392 /* Preview Content */ = {
			isa = PBXGroup;
			children = (
				7F4DAB792960364700074392 /* Preview Assets.xcassets */,
			);
			path = "Preview Content";
			sourceTree = "<group>";
		};
		7F4DAB822960364700074392 /* LoginScreenTutTests */ = {
			isa = PBXGroup;
			children = (
				7F4DAB832960364700074392 /* LoginScreenTutTests.swift */,
			);
			path = LoginScreenTutTests;
			sourceTree = "<group>";
		};
		7F4DAB8C2960364700074392 /* LoginScreenTutUITests */ = {
			isa = PBXGroup;
			children = (
				7F4DAB8D2960364700074392 /* LoginScreenTutUITests.swift */,
				7F4DAB8F2960364700074392 /* LoginScreenTutUITestsLaunchTests.swift */,
			);
			path = LoginScreenTutUITests;
			sourceTree = "<group>";
		};
/* End PBXGroup section */

/* Begin PBXNativeTarget section */
		7F4DAB6E2960364500074392 /* LoginScreenTut */ = {
			isa = PBXNativeTarget;
			buildConfigurationList = 7F4DAB932960364700074392 /* Build configuration list for PBXNativeTarget "LoginScreenTut" */;
			buildPhases = (
				7F4DAB6B2960364500074392 /* Sources */,
				7F4DAB6C2960364500074392 /* Frameworks */,
				7F4DAB6D2960364500074392 /* Resources */,
			);
			buildRules = (
			);
			dependencies = (
			);
			name = LoginScreenTut;
			productName = LoginScreenTut;
			productReference = 7F4DAB6F2960364500074392 /* LoginScreenTut.app */;
			productType = "com.apple.product-type.application";
		};
		7F4DAB7E2960364700074392 /* LoginScreenTutTests */ = {
			isa = PBXNativeTarget;
			buildConfigurationList = 7F4DAB962960364700074392 /* Build configuration list for PBXNativeTarget "LoginScreenTutTests" */;
			buildPhases = (
				7F4DAB7B2960364700074392 /* Sources */,
				7F4DAB7C2960364700074392 /* Frameworks */,
				7F4DAB7D2960364700074392 /* Resources */,
			);
			buildRules = (
			);
			dependencies = (
				7F4DAB812960364700074392 /* PBXTargetDependency */,
			);
			name = LoginScreenTutTests;
			productName = LoginScreenTutTests;
			productReference = 7F4DAB7F2960364700074392 /* LoginScreenTutTests.xctest */;
			productType = "com.apple.product-type.bundle.unit-test";
		};
		7F4DAB882960364700074392 /* LoginScreenTutUITests */ = {
			isa = PBXNativeTarget;
			buildConfigurationList = 7F4DAB992960364700074392 /* Build configuration list for PBXNativeTarget "LoginScreenTutUITests" */;
			buildPhases = (
				7F4DAB852960364700074392 /* Sources */,
				7F4DAB862960364700074392 /* Frameworks */,
				7F4DAB872960364700074392 /* Resources */,
			);
			buildRules = (
			);
			dependencies = (
				7F4DAB8B2960364700074392 /* PBXTargetDependency */,
			);
			name = LoginScreenTutUITests;
			productName = LoginScreenTutUITests;
			productReference = 7F4DAB892960364700074392 /* LoginScreenTutUITests.xctest */;
			productType = "com.apple.product-type.bundle.ui-testing";
		};
/* End PBXNativeTarget section */

/* Begin PBXProject section */
		7F4DAB672960364500074392 /* Project object */ = {
			isa = PBXProject;
			attributes = {
				BuildIndependentTargetsInParallel = 1;
				LastSwiftUpdateCheck = 1410;
				LastUpgradeCheck = 1410;
				TargetAttributes = {
					7F4DAB6E2960364500074392 = {
						CreatedOnToolsVersion = 14.1;
					};
					7F4DAB7E2960364700074392 = {
						CreatedOnToolsVersion = 14.1;
						TestTargetID = 7F4DAB6E2960364500074392;
					};
					7F4DAB882960364700074392 = {
						CreatedOnToolsVersion = 14.1;
						TestTargetID = 7F4DAB6E2960364500074392;
					};
				};
			};
			buildConfigurationList = 7F4DAB6A2960364500074392 /* Build configuration list for PBXProject "LoginScreenTut" */;
			compatibilityVersion = "Xcode 14.0";
			developmentRegion = en;
			hasScannedForEncodings = 0;
			knownRegions = (
				en,
				Base,
			);
			mainGroup = 7F4DAB662960364500074392;
			productRefGroup = 7F4DAB702960364500074392 /* Products */;
			projectDirPath = "";
			projectRoot = "";
			targets = (
				7F4DAB6E2960364500074392 /* LoginScreenTut */,
				7F4DAB7E2960364700074392 /* LoginScreenTutTests */,
				7F4DAB882960364700074392 /* LoginScreenTutUITests */,
			);
		};
/* End PBXProject section */

/* Begin PBXResourcesBuildPhase section */
		7F4DAB6D2960364500074392 /* Resources */ = {
			isa = PBXResourcesBuildPhase;
			buildActionMask = 2147483647;
			files = (
				7F4DAB7A2960364700074392 /* Preview Assets.xcassets in Resources */,
				7F4DAB772960364700074392 /* Assets.xcassets in Resources */,
			);
			runOnlyForDeploymentPostprocessing = 0;
		};
		7F4DAB7D2960364700074392 /* Resources */ = {
			isa = PBXResourcesBuildPhase;
			buildActionMask = 2147483647;
			files = (
			);
			runOnlyForDeploymentPostprocessing = 0;
		};
		7F4DAB872960364700074392 /* Resources */ = {
			isa = PBXResourcesBuildPhase;
			buildActionMask = 2147483647;
			files = (
			);
			runOnlyForDeploymentPostprocessing = 0;
		};
/* End PBXResourcesBuildPhase section */

/* Begin PBXSourcesBuildPhase section */
		7F4DAB6B2960364500074392 /* Sources */ = {
			isa = PBXSourcesBuildPhase;
			buildActionMask = 2147483647;
			files = (
				7F4DAB752960364500074392 /* ContentView.swift in Sources */,
				7F4DAB732960364500074392 /* LoginScreenTutApp.swift in Sources */,
			);
			runOnlyForDeploymentPostprocessing = 0;
		};
		7F4DAB7B2960364700074392 /* Sources */ = {
			isa = PBXSourcesBuildPhase;
			buildActionMask = 2147483647;
			files = (
				7F4DAB842960364700074392 /* LoginScreenTutTests.swift in Sources */,
			);
			runOnlyForDeploymentPostprocessing = 0;
		};
		7F4DAB852960364700074392 /* Sources */ = {
			isa = PBXSourcesBuildPhase;
			buildActionMask = 2147483647;
			files = (
				7F4DAB902960364700074392 /* LoginScreenTutUITestsLaunchTests.swift in Sources */,
				7F4DAB8E2960364700074392 /* LoginScreenTutUITests.swift in Sources */,
			);
			runOnlyForDeploymentPostprocessing = 0;
		};
/* End PBXSourcesBuildPhase section */

/* Begin PBXTargetDependency section */
		7F4DAB812960364700074392 /* PBXTargetDependency */ = {
			isa = PBXTargetDependency;
			target = 7F4DAB6E2960364500074392 /* LoginScreenTut */;
			targetProxy = 7F4DAB802960364700074392 /* PBXContainerItemProxy */;
		};
		7F4DAB8B2960364700074392 /* PBXTargetDependency */ = {
			isa = PBXTargetDependency;
			target = 7F4DAB6E2960364500074392 /* LoginScreenTut */;
			targetProxy = 7F4DAB8A2960364700074392 /* PBXContainerItemProxy */;
		};
/* End PBXTargetDependency section */

/* Begin XCBuildConfiguration section */
		7F4DAB912960364700074392 /* Debug */ = {
			isa = XCBuildConfiguration;
			buildSettings = {
				ALWAYS_SEARCH_USER_PATHS = NO;
				CLANG_ANALYZER_NONNULL = YES;
				CLANG_ANALYZER_NUMBER_OBJECT_CONVERSION = YES_AGGRESSIVE;
				CLANG_CXX_LANGUAGE_STANDARD = "gnu++20";
				CLANG_ENABLE_MODULES = YES;
				CLANG_ENABLE_OBJC_ARC = YES;
				CLANG_ENABLE_OBJC_WEAK = YES;
				CLANG_WARN_BLOCK_CAPTURE_AUTORELEASING = YES;
				CLANG_WARN_BOOL_CONVERSION = YES;
				CLANG_WARN_COMMA = YES;
				CLANG_WARN_CONSTANT_CONVERSION = YES;
				CLANG_WARN_DEPRECATED_OBJC_IMPLEMENTATIONS = YES;
				CLANG_WARN_DIRECT_OBJC_ISA_USAGE = YES_ERROR;
				CLANG_WARN_DOCUMENTATION_COMMENTS = YES;
				CLANG_WARN_EMPTY_BODY = YES;
				CLANG_WARN_ENUM_CONVERSION = YES;
				CLANG_WARN_INFINITE_RECURSION = YES;
				CLANG_WARN_INT_CONVERSION = YES;
				CLANG_WARN_NON_LITERAL_NULL_CONVERSION = YES;
				CLANG_WARN_OBJC_IMPLICIT_RETAIN_SELF = YES;
				CLANG_WARN_OBJC_LITERAL_CONVERSION = YES;
				CLANG_WARN_OBJC_ROOT_CLASS = YES_ERROR;
				CLANG_WARN_QUOTED_INCLUDE_IN_FRAMEWORK_HEADER = YES;
				CLANG_WARN_RANGE_LOOP_ANALYSIS = YES;
				CLANG_WARN_STRICT_PROTOTYPES = YES;
				CLANG_WARN_SUSPICIOUS_MOVE = YES;
				CLANG_WARN_UNGUARDED_AVAILABILITY = YES_AGGRESSIVE;
				CLANG_WARN_UNREACHABLE_CODE = YES;
				CLANG_WARN__DUPLICATE_METHOD_MATCH = YES;
				COPY_PHASE_STRIP = NO;
				DEBUG_INFORMATION_FORMAT = dwarf;
				ENABLE_STRICT_OBJC_MSGSEND = YES;
				ENABLE_TESTABILITY = YES;
				GCC_C_LANGUAGE_STANDARD = gnu11;
				GCC_DYNAMIC_NO_PIC = NO;
				GCC_NO_COMMON_BLOCKS = YES;
				GCC_OPTIMIZATION_LEVEL = 0;
				GCC_PREPROCESSOR_DEFINITIONS = (
					"DEBUG=1",
					"$(inherited)",
				);
				GCC_WARN_64_TO_32_BIT_CONVERSION = YES;
				GCC_WARN_ABOUT_RETURN_TYPE = YES_ERROR;
				GCC_WARN_UNDECLARED_SELECTOR = YES;
				GCC_WARN_UNINITIALIZED_AUTOS = YES_AGGRESSIVE;
				GCC_WARN_UNUSED_FUNCTION = YES;
				GCC_WARN_UNUSED_VARIABLE = YES;
				IPHONEOS_DEPLOYMENT_TARGET = 16.1;
				MTL_ENABLE_DEBUG_INFO = INCLUDE_SOURCE;
				MTL_FAST_MATH = YES;
				ONLY_ACTIVE_ARCH = YES;
				SDKROOT = iphoneos;
				SWIFT_ACTIVE_COMPILATION_CONDITIONS = DEBUG;
				SWIFT_OPTIMIZATION_LEVEL = "-Onone";
			};
			name = Debug;
		};
		7F4DAB922960364700074392 /* Release */ = {
			isa = XCBuildConfiguration;
			buildSettings = {
				ALWAYS_SEARCH_USER_PATHS = NO;
				CLANG_ANALYZER_NONNULL = YES;
				CLANG_ANALYZER_NUMBER_OBJECT_CONVERSION = YES_AGGRESSIVE;
				CLANG_CXX_LANGUAGE_STANDARD = "gnu++20";
				CLANG_ENABLE_MODULES = YES;
				CLANG_ENABLE_OBJC_ARC = YES;
				CLANG_ENABLE_OBJC_WEAK = YES;
				CLANG_WARN_BLOCK_CAPTURE_AUTORELEASING = YES;
				CLANG_WARN_BOOL_CONVERSION = YES;
				CLANG_WARN_COMMA = YES;
				CLANG_WARN_CONSTANT_CONVERSION = YES;
				CLANG_WARN_DEPRECATED_OBJC_IMPLEMENTATIONS = YES;
				CLANG_WARN_DIRECT_OBJC_ISA_USAGE = YES_ERROR;
				CLANG_WARN_DOCUMENTATION_COMMENTS = YES;
				CLANG_WARN_EMPTY_BODY = YES;
				CLANG_WARN_ENUM_CONVERSION = YES;
				CLANG_WARN_INFINITE_RECURSION = YES;
				CLANG_WARN_INT_CONVERSION = YES;
				CLANG_WARN_NON_LITERAL_NULL_CONVERSION = YES;
				CLANG_WARN_OBJC_IMPLICIT_RETAIN_SELF = YES;
				CLANG_WARN_OBJC_LITERAL_CONVERSION = YES;
				CLANG_WARN_OBJC_ROOT_CLASS = YES_ERROR;
				CLANG_WARN_QUOTED_INCLUDE_IN_FRAMEWORK_HEADER = YES;
				CLANG_WARN_RANGE_LOOP_ANALYSIS = YES;
				CLANG_WARN_STRICT_PROTOTYPES = YES;
				CLANG_WARN_SUSPICIOUS_MOVE = YES;
				CLANG_WARN_UNGUARDED_AVAILABILITY = YES_AGGRESSIVE;
				CLANG_WARN_UNREACHABLE_CODE = YES;
				CLANG_WARN__DUPLICATE_METHOD_MATCH = YES;
				COPY_PHASE_STRIP = NO;
				DEBUG_INFORMATION_FORMAT = "dwarf-with-dsym";
				ENABLE_NS_ASSERTIONS = NO;
				ENABLE_STRICT_OBJC_MSGSEND = YES;
				GCC_C_LANGUAGE_STANDARD = gnu11;
				GCC_NO_COMMON_BLOCKS = YES;
				GCC_WARN_64_TO_32_BIT_CONVERSION = YES;
				GCC_WARN_ABOUT_RETURN_TYPE = YES_ERROR;
				GCC_WARN_UNDECLARED_SELECTOR = YES;
				GCC_WARN_UNINITIALIZED_AUTOS = YES_AGGRESSIVE;
				GCC_WARN_UNUSED_FUNCTION = YES;
				GCC_WARN_UNUSED_VARIABLE = YES;
				IPHONEOS_DEPLOYMENT_TARGET = 16.1;
				MTL_ENABLE_DEBUG_INFO = NO;
				MTL_FAST_MATH = YES;
				SDKROOT = iphoneos;
				SWIFT_COMPILATION_MODE = wholemodule;
				SWIFT_OPTIMIZATION_LEVEL = "-O";
				VALIDATE_PRODUCT = YES;
			};
			name = Release;
		};
		7F4DAB942960364700074392 /* Debug */ = {
			isa = XCBuildConfiguration;
			buildSettings = {
				ASSETCATALOG_COMPILER_APPICON_NAME = AppIcon;
				ASSETCATALOG_COMPILER_GLOBAL_ACCENT_COLOR_NAME = AccentColor;
				CODE_SIGN_STYLE = Automatic;
				CURRENT_PROJECT_VERSION = 1;
				DEVELOPMENT_ASSET_PATHS = "\"LoginScreenTut/Preview Content\"";
				ENABLE_PREVIEWS = YES;
				GENERATE_INFOPLIST_FILE = YES;
				INFOPLIST_KEY_UIApplicationSceneManifest_Generation = YES;
				INFOPLIST_KEY_UIApplicationSupportsIndirectInputEvents = YES;
				INFOPLIST_KEY_UILaunchScreen_Generation = YES;
				INFOPLIST_KEY_UISupportedInterfaceOrientations_iPad = "UIInterfaceOrientationPortrait UIInterfaceOrientationPortraitUpsideDown UIInterfaceOrientationLandscapeLeft UIInterfaceOrientationLandscapeRight";
				INFOPLIST_KEY_UISupportedInterfaceOrientations_iPhone = "UIInterfaceOrientationPortrait UIInterfaceOrientationLandscapeLeft UIInterfaceOrientationLandscapeRight";
				LD_RUNPATH_SEARCH_PATHS = (
					"$(inherited)",
					"@executable_path/Frameworks",
				);
				MARKETING_VERSION = 1.0;
				PRODUCT_BUNDLE_IDENTIFIER = "me.ahmed-g.LoginScreenTut";
				PRODUCT_NAME = "$(TARGET_NAME)";
				SWIFT_EMIT_LOC_STRINGS = YES;
				SWIFT_VERSION = 5.0;
				TARGETED_DEVICE_FAMILY = "1,2";
			};
			name = Debug;
		};
		7F4DAB952960364700074392 /* Release */ = {
			isa = XCBuildConfiguration;
			buildSettings = {
				ASSETCATALOG_COMPILER_APPICON_NAME = AppIcon;
				ASSETCATALOG_COMPILER_GLOBAL_ACCENT_COLOR_NAME = AccentColor;
				CODE_SIGN_STYLE = Automatic;
				CURRENT_PROJECT_VERSION = 1;
				DEVELOPMENT_ASSET_PATHS = "\"LoginScreenTut/Preview Content\"";
				ENABLE_PREVIEWS = YES;
				GENERATE_INFOPLIST_FILE = YES;
				INFOPLIST_KEY_UIApplicationSceneManifest_Generation = YES;
				INFOPLIST_KEY_UIApplicationSupportsIndirectInputEvents = YES;
				INFOPLIST_KEY_UILaunchScreen_Generation = YES;
				INFOPLIST_KEY_UISupportedInterfaceOrientations_iPad = "UIInterfaceOrientationPortrait UIInterfaceOrientationPortraitUpsideDown UIInterfaceOrientationLandscapeLeft UIInterfaceOrientationLandscapeRight";
				INFOPLIST_KEY_UISupportedInterfaceOrientations_iPhone = "UIInterfaceOrientationPortrait UIInterfaceOrientationLandscapeLeft UIInterfaceOrientationLandscapeRight";
				LD_RUNPATH_SEARCH_PATHS = (
					"$(inherited)",
					"@executable_path/Frameworks",
				);
				MARKETING_VERSION = 1.0;
				PRODUCT_BUNDLE_IDENTIFIER = "me.ahmed-g.LoginScreenTut";
				PRODUCT_NAME = "$(TARGET_NAME)";
				SWIFT_EMIT_LOC_STRINGS = YES;
				SWIFT_VERSION = 5.0;
				TARGETED_DEVICE_FAMILY = "1,2";
			};
			name = Release;
		};
		7F4DAB972960364700074392 /* Debug */ = {
			isa = XCBuildConfiguration;
			buildSettings = {
				ALWAYS_EMBED_SWIFT_STANDARD_LIBRARIES = YES;
				BUNDLE_LOADER = "$(TEST_HOST)";
				CODE_SIGN_STYLE = Automatic;
				CURRENT_PROJECT_VERSION = 1;
				GENERATE_INFOPLIST_FILE = YES;
				IPHONEOS_DEPLOYMENT_TARGET = 16.1;
				MARKETING_VERSION = 1.0;
				PRODUCT_BUNDLE_IDENTIFIER = "me.ahmed-g.LoginScreenTutTests";
				PRODUCT_NAME = "$(TARGET_NAME)";
				SWIFT_EMIT_LOC_STRINGS = NO;
				SWIFT_VERSION = 5.0;
				TARGETED_DEVICE_FAMILY = "1,2";
				TEST_HOST = "$(BUILT_PRODUCTS_DIR)/LoginScreenTut.app/$(BUNDLE_EXECUTABLE_FOLDER_PATH)/LoginScreenTut";
			};
			name = Debug;
		};
		7F4DAB982960364700074392 /* Release */ = {
			isa = XCBuildConfiguration;
			buildSettings = {
				ALWAYS_EMBED_SWIFT_STANDARD_LIBRARIES = YES;
				BUNDLE_LOADER = "$(TEST_HOST)";
				CODE_SIGN_STYLE = Automatic;
				CURRENT_PROJECT_VERSION = 1;
				GENERATE_INFOPLIST_FILE = YES;
				IPHONEOS_DEPLOYMENT_TARGET = 16.1;
				MARKETING_VERSION = 1.0;
				PRODUCT_BUNDLE_IDENTIFIER = "me.ahmed-g.LoginScreenTutTests";
				PRODUCT_NAME = "$(TARGET_NAME)";
				SWIFT_EMIT_LOC_STRINGS = NO;
				SWIFT_VERSION = 5.0;
				TARGETED_DEVICE_FAMILY = "1,2";
				TEST_HOST = "$(BUILT_PRODUCTS_DIR)/LoginScreenTut.app/$(BUNDLE_EXECUTABLE_FOLDER_PATH)/LoginScreenTut";
			};
			name = Release;
		};
		7F4DAB9A2960364700074392 /* Debug */ = {
			isa = XCBuildConfiguration;
			buildSettings = {
				ALWAYS_EMBED_SWIFT_STANDARD_LIBRARIES = YES;
				CODE_SIGN_STYLE = Automatic;
				CURRENT_PROJECT_VERSION = 1;
				GENERATE_INFOPLIST_FILE = YES;
				MARKETING_VERSION = 1.0;
				PRODUCT_BUNDLE_IDENTIFIER = "me.ahmed-g.LoginScreenTutUITests";
				PRODUCT_NAME = "$(TARGET_NAME)";
				SWIFT_EMIT_LOC_STRINGS = NO;
				SWIFT_VERSION = 5.0;
				TARGETED_DEVICE_FAMILY = "1,2";
				TEST_TARGET_NAME = LoginScreenTut;
			};
			name = Debug;
		};
		7F4DAB9B2960364700074392 /* Release */ = {
			isa = XCBuildConfiguration;
			buildSettings = {
				ALWAYS_EMBED_SWIFT_STANDARD_LIBRARIES = YES;
				CODE_SIGN_STYLE = Automatic;
				CURRENT_PROJECT_VERSION = 1;
				GENERATE_INFOPLIST_FILE = YES;
				MARKETING_VERSION = 1.0;
				PRODUCT_BUNDLE_IDENTIFIER = "me.ahmed-g.LoginScreenTutUITests";
				PRODUCT_NAME = "$(TARGET_NAME)";
				SWIFT_EMIT_LOC_STRINGS = NO;
				SWIFT_VERSION = 5.0;
				TARGETED_DEVICE_FAMILY = "1,2";
				TEST_TARGET_NAME = LoginScreenTut;
			};
			name = Release;
		};
/* End XCBuildConfiguration section */

/* Begin XCConfigurationList section */
		7F4DAB6A2960364500074392 /* Build configuration list for PBXProject "LoginScreenTut" */ = {
			isa = XCConfigurationList;
			buildConfigurations = (
				7F4DAB912960364700074392 /* Debug */,
				7F4DAB922960364700074392 /* Release */,
			);
			defaultConfigurationIsVisible = 0;
			defaultConfigurationName = Release;
		};
		7F4DAB932960364700074392 /* Build configuration list for PBXNativeTarget "LoginScreenTut" */ = {
			isa = XCConfigurationList;
			buildConfigurations = (
				7F4DAB942960364700074392 /* Debug */,
				7F4DAB952960364700074392 /* Release */,
			);
			defaultConfigurationIsVisible = 0;
			defaultConfigurationName = Release;
		};
		7F4DAB962960364700074392 /* Build configuration list for PBXNativeTarget "LoginScreenTutTests" */ = {
			isa = XCConfigurationList;
			buildConfigurations = (
				7F4DAB972960364700074392 /* Debug */,
				7F4DAB982960364700074392 /* Release */,
			);
			defaultConfigurationIsVisible = 0;
			defaultConfigurationName = Release;
		};
		7F4DAB992960364700074392 /* Build configuration list for PBXNativeTarget "LoginScreenTutUITests" */ = {
			isa = XCConfigurationList;
			buildConfigurations = (
				7F4DAB9A2960364700074392 /* Debug */,
				7F4DAB9B2960364700074392 /* Release */,
			);
			defaultConfigurationIsVisible = 0;
			defaultConfigurationName = Release;
		};
/* End XCConfigurationList section */
	};
	rootObject = 7F4DAB672960364500074392 /* Project object */;
}
